// !$*UTF8*$!
{
	archiveVersion = 1;
	classes = {
	};
	objectVersion = 46;
	objects = {

/* Begin PBXBuildFile section */
		847A1CEC1ED35C3D0035F233 /* main.m in Sources */ = {isa = PBXBuildFile; fileRef = 847A1CEB1ED35C3D0035F233 /* main.m */; };
		847A1CEF1ED35C3D0035F233 /* AppDelegate.m in Sources */ = {isa = PBXBuildFile; fileRef = 847A1CEE1ED35C3D0035F233 /* AppDelegate.m */; };
		847A1CF21ED35C3D0035F233 /* ViewController.m in Sources */ = {isa = PBXBuildFile; fileRef = 847A1CF11ED35C3D0035F233 /* ViewController.m */; };
		847A1CF51ED35C3D0035F233 /* Main.storyboard in Resources */ = {isa = PBXBuildFile; fileRef = 847A1CF31ED35C3D0035F233 /* Main.storyboard */; };
		847A1CF71ED35C3D0035F233 /* Assets.xcassets in Resources */ = {isa = PBXBuildFile; fileRef = 847A1CF61ED35C3D0035F233 /* Assets.xcassets */; };
		847A1CFA1ED35C3D0035F233 /* LaunchScreen.storyboard in Resources */ = {isa = PBXBuildFile; fileRef = 847A1CF81ED35C3D0035F233 /* LaunchScreen.storyboard */; };
		847A1D051ED35C3D0035F233 /* AppleServicesTests.m in Sources */ = {isa = PBXBuildFile; fileRef = 847A1D041ED35C3D0035F233 /* AppleServicesTests.m */; };
		847A1D101ED35C3D0035F233 /* AppleServicesUITests.m in Sources */ = {isa = PBXBuildFile; fileRef = 847A1D0F1ED35C3D0035F233 /* AppleServicesUITests.m */; };
/* End PBXBuildFile section */

/* Begin PBXContainerItemProxy section */
		847A1D011ED35C3D0035F233 /* PBXContainerItemProxy */ = {
			isa = PBXContainerItemProxy;
			containerPortal = 847A1CDF1ED35C3D0035F233 /* Project object */;
			proxyType = 1;
			remoteGlobalIDString = 847A1CE61ED35C3D0035F233;
			remoteInfo = AppleServices;
		};
		847A1D0C1ED35C3D0035F233 /* PBXContainerItemProxy */ = {
			isa = PBXContainerItemProxy;
			containerPortal = 847A1CDF1ED35C3D0035F233 /* Project object */;
			proxyType = 1;
			remoteGlobalIDString = 847A1CE61ED35C3D0035F233;
			remoteInfo = AppleServices;
		};
/* End PBXContainerItemProxy section */

/* Begin PBXFileReference section */
		847A1CE71ED35C3D0035F233 /* AppleServices.app */ = {isa = PBXFileReference; explicitFileType = wrapper.application; includeInIndex = 0; path = AppleServices.app; sourceTree = BUILT_PRODUCTS_DIR; };
		847A1CEB1ED35C3D0035F233 /* main.m */ = {isa = PBXFileReference; lastKnownFileType = sourcecode.c.objc; path = main.m; sourceTree = "<group>"; };
		847A1CED1ED35C3D0035F233 /* AppDelegate.h */ = {isa = PBXFileReference; lastKnownFileType = sourcecode.c.h; path = AppDelegate.h; sourceTree = "<group>"; };
		847A1CEE1ED35C3D0035F233 /* AppDelegate.m */ = {isa = PBXFileReference; lastKnownFileType = sourcecode.c.objc; path = AppDelegate.m; sourceTree = "<group>"; };
		847A1CF01ED35C3D0035F233 /* ViewController.h */ = {isa = PBXFileReference; lastKnownFileType = sourcecode.c.h; path = ViewController.h; sourceTree = "<group>"; };
		847A1CF11ED35C3D0035F233 /* ViewController.m */ = {isa = PBXFileReference; lastKnownFileType = sourcecode.c.objc; path = ViewController.m; sourceTree = "<group>"; };
		847A1CF41ED35C3D0035F233 /* Base */ = {isa = PBXFileReference; lastKnownFileType = file.storyboard; name = Base; path = Base.lproj/Main.storyboard; sourceTree = "<group>"; };
		847A1CF61ED35C3D0035F233 /* Assets.xcassets */ = {isa = PBXFileReference; lastKnownFileType = folder.assetcatalog; path = Assets.xcassets; sourceTree = "<group>"; };
		847A1CF91ED35C3D0035F233 /* Base */ = {isa = PBXFileReference; lastKnownFileType = file.storyboard; name = Base; path = Base.lproj/LaunchScreen.storyboard; sourceTree = "<group>"; };
		847A1CFB1ED35C3D0035F233 /* Info.plist */ = {isa = PBXFileReference; lastKnownFileType = text.plist.xml; path = Info.plist; sourceTree = "<group>"; };
		847A1D001ED35C3D0035F233 /* AppleServicesTests.xctest */ = {isa = PBXFileReference; explicitFileType = wrapper.cfbundle; includeInIndex = 0; path = AppleServicesTests.xctest; sourceTree = BUILT_PRODUCTS_DIR; };
		847A1D041ED35C3D0035F233 /* AppleServicesTests.m */ = {isa = PBXFileReference; lastKnownFileType = sourcecode.c.objc; path = AppleServicesTests.m; sourceTree = "<group>"; };
		847A1D061ED35C3D0035F233 /* Info.plist */ = {isa = PBXFileReference; lastKnownFileType = text.plist.xml; path = Info.plist; sourceTree = "<group>"; };
		847A1D0B1ED35C3D0035F233 /* AppleServicesUITests.xctest */ = {isa = PBXFileReference; explicitFileType = wrapper.cfbundle; includeInIndex = 0; path = AppleServicesUITests.xctest; sourceTree = BUILT_PRODUCTS_DIR; };
		847A1D0F1ED35C3D0035F233 /* AppleServicesUITests.m */ = {isa = PBXFileReference; lastKnownFileType = sourcecode.c.objc; path = AppleServicesUITests.m; sourceTree = "<group>"; };
		847A1D111ED35C3D0035F233 /* Info.plist */ = {isa = PBXFileReference; lastKnownFileType = text.plist.xml; path = Info.plist; sourceTree = "<group>"; };
/* End PBXFileReference section */

/* Begin PBXFrameworksBuildPhase section */
		847A1CE41ED35C3D0035F233 /* Frameworks */ = {
			isa = PBXFrameworksBuildPhase;
			buildActionMask = 2147483647;
			files = (
			);
			runOnlyForDeploymentPostprocessing = 0;
		};
		847A1CFD1ED35C3D0035F233 /* Frameworks */ = {
			isa = PBXFrameworksBuildPhase;
			buildActionMask = 2147483647;
			files = (
			);
			runOnlyForDeploymentPostprocessing = 0;
		};
		847A1D081ED35C3D0035F233 /* Frameworks */ = {
			isa = PBXFrameworksBuildPhase;
			buildActionMask = 2147483647;
			files = (
			);
			runOnlyForDeploymentPostprocessing = 0;
		};
/* End PBXFrameworksBuildPhase section */

/* Begin PBXGroup section */
		847A1CDE1ED35C3D0035F233 = {
			isa = PBXGroup;
			children = (
				847A1CE91ED35C3D0035F233 /* AppleServices */,
				847A1D031ED35C3D0035F233 /* AppleServicesTests */,
				847A1D0E1ED35C3D0035F233 /* AppleServicesUITests */,
				847A1CE81ED35C3D0035F233 /* Products */,
			);
			sourceTree = "<group>";
		};
		847A1CE81ED35C3D0035F233 /* Products */ = {
			isa = PBXGroup;
			children = (
				847A1CE71ED35C3D0035F233 /* AppleServices.app */,
				847A1D001ED35C3D0035F233 /* AppleServicesTests.xctest */,
				847A1D0B1ED35C3D0035F233 /* AppleServicesUITests.xctest */,
			);
			name = Products;
			sourceTree = "<group>";
		};
		847A1CE91ED35C3D0035F233 /* AppleServices */ = {
			isa = PBXGroup;
			children = (
				847A1CED1ED35C3D0035F233 /* AppDelegate.h */,
				847A1CEE1ED35C3D0035F233 /* AppDelegate.m */,
				847A1CF01ED35C3D0035F233 /* ViewController.h */,
				847A1CF11ED35C3D0035F233 /* ViewController.m */,
				847A1CF31ED35C3D0035F233 /* Main.storyboard */,
				847A1CF61ED35C3D0035F233 /* Assets.xcassets */,
				847A1CF81ED35C3D0035F233 /* LaunchScreen.storyboard */,
				847A1CFB1ED35C3D0035F233 /* Info.plist */,
				847A1CEA1ED35C3D0035F233 /* Supporting Files */,
			);
			path = AppleServices;
			sourceTree = "<group>";
		};
		847A1CEA1ED35C3D0035F233 /* Supporting Files */ = {
			isa = PBXGroup;
			children = (
				847A1CEB1ED35C3D0035F233 /* main.m */,
			);
			name = "Supporting Files";
			sourceTree = "<group>";
		};
		847A1D031ED35C3D0035F233 /* AppleServicesTests */ = {
			isa = PBXGroup;
			children = (
				847A1D041ED35C3D0035F233 /* AppleServicesTests.m */,
				847A1D061ED35C3D0035F233 /* Info.plist */,
			);
			path = AppleServicesTests;
			sourceTree = "<group>";
		};
		847A1D0E1ED35C3D0035F233 /* AppleServicesUITests */ = {
			isa = PBXGroup;
			children = (
				847A1D0F1ED35C3D0035F233 /* AppleServicesUITests.m */,
				847A1D111ED35C3D0035F233 /* Info.plist */,
			);
			path = AppleServicesUITests;
			sourceTree = "<group>";
		};
/* End PBXGroup section */

/* Begin PBXNativeTarget section */
		847A1CE61ED35C3D0035F233 /* AppleServices */ = {
			isa = PBXNativeTarget;
			buildConfigurationList = 847A1D141ED35C3D0035F233 /* Build configuration list for PBXNativeTarget "AppleServices" */;
			buildPhases = (
				847A1CE31ED35C3D0035F233 /* Sources */,
				847A1CE41ED35C3D0035F233 /* Frameworks */,
				847A1CE51ED35C3D0035F233 /* Resources */,
			);
			buildRules = (
			);
			dependencies = (
			);
			name = AppleServices;
			productName = AppleServices;
			productReference = 847A1CE71ED35C3D0035F233 /* AppleServices.app */;
			productType = "com.apple.product-type.application";
		};
		847A1CFF1ED35C3D0035F233 /* AppleServicesTests */ = {
			isa = PBXNativeTarget;
			buildConfigurationList = 847A1D171ED35C3D0035F233 /* Build configuration list for PBXNativeTarget "AppleServicesTests" */;
			buildPhases = (
				847A1CFC1ED35C3D0035F233 /* Sources */,
				847A1CFD1ED35C3D0035F233 /* Frameworks */,
				847A1CFE1ED35C3D0035F233 /* Resources */,
			);
			buildRules = (
			);
			dependencies = (
				847A1D021ED35C3D0035F233 /* PBXTargetDependency */,
			);
			name = AppleServicesTests;
			productName = AppleServicesTests;
			productReference = 847A1D001ED35C3D0035F233 /* AppleServicesTests.xctest */;
			productType = "com.apple.product-type.bundle.unit-test";
		};
		847A1D0A1ED35C3D0035F233 /* AppleServicesUITests */ = {
			isa = PBXNativeTarget;
			buildConfigurationList = 847A1D1A1ED35C3D0035F233 /* Build configuration list for PBXNativeTarget "AppleServicesUITests" */;
			buildPhases = (
				847A1D071ED35C3D0035F233 /* Sources */,
				847A1D081ED35C3D0035F233 /* Frameworks */,
				847A1D091ED35C3D0035F233 /* Resources */,
			);
			buildRules = (
			);
			dependencies = (
				847A1D0D1ED35C3D0035F233 /* PBXTargetDependency */,
			);
			name = AppleServicesUITests;
			productName = AppleServicesUITests;
			productReference = 847A1D0B1ED35C3D0035F233 /* AppleServicesUITests.xctest */;
			productType = "com.apple.product-type.bundle.ui-testing";
		};
/* End PBXNativeTarget section */

/* Begin PBXProject section */
		847A1CDF1ED35C3D0035F233 /* Project object */ = {
			isa = PBXProject;
			attributes = {
				LastUpgradeCheck = 0830;
				ORGANIZATIONNAME = "Igor Karyi";
				TargetAttributes = {
					847A1CE61ED35C3D0035F233 = {
						CreatedOnToolsVersion = 8.3.2;
						DevelopmentTeam = AV23R78L97;
						ProvisioningStyle = Automatic;
					};
					847A1CFF1ED35C3D0035F233 = {
						CreatedOnToolsVersion = 8.3.2;
						DevelopmentTeam = AV23R78L97;
						ProvisioningStyle = Automatic;
						TestTargetID = 847A1CE61ED35C3D0035F233;
					};
					847A1D0A1ED35C3D0035F233 = {
						CreatedOnToolsVersion = 8.3.2;
						DevelopmentTeam = AV23R78L97;
						ProvisioningStyle = Automatic;
						TestTargetID = 847A1CE61ED35C3D0035F233;
					};
				};
			};
			buildConfigurationList = 847A1CE21ED35C3D0035F233 /* Build configuration list for PBXProject "AppleServices" */;
			compatibilityVersion = "Xcode 3.2";
			developmentRegion = English;
			hasScannedForEncodings = 0;
			knownRegions = (
				en,
				Base,
			);
			mainGroup = 847A1CDE1ED35C3D0035F233;
			productRefGroup = 847A1CE81ED35C3D0035F233 /* Products */;
			projectDirPath = "";
			projectRoot = "";
			targets = (
				847A1CE61ED35C3D0035F233 /* AppleServices */,
				847A1CFF1ED35C3D0035F233 /* AppleServicesTests */,
				847A1D0A1ED35C3D0035F233 /* AppleServicesUITests */,
			);
		};
/* End PBXProject section */

/* Begin PBXResourcesBuildPhase section */
		847A1CE51ED35C3D0035F233 /* Resources */ = {
			isa = PBXResourcesBuildPhase;
			buildActionMask = 2147483647;
			files = (
				847A1CFA1ED35C3D0035F233 /* LaunchScreen.storyboard in Resources */,
				847A1CF71ED35C3D0035F233 /* Assets.xcassets in Resources */,
				847A1CF51ED35C3D0035F233 /* Main.storyboard in Resources */,
			);
			runOnlyForDeploymentPostprocessing = 0;
		};
		847A1CFE1ED35C3D0035F233 /* Resources */ = {
			isa = PBXResourcesBuildPhase;
			buildActionMask = 2147483647;
			files = (
			);
			runOnlyForDeploymentPostprocessing = 0;
		};
		847A1D091ED35C3D0035F233 /* Resources */ = {
			isa = PBXResourcesBuildPhase;
			buildActionMask = 2147483647;
			files = (
			);
			runOnlyForDeploymentPostprocessing = 0;
		};
/* End PBXResourcesBuildPhase section */

/* Begin PBXSourcesBuildPhase section */
		847A1CE31ED35C3D0035F233 /* Sources */ = {
			isa = PBXSourcesBuildPhase;
			buildActionMask = 2147483647;
			files = (
				847A1CF21ED35C3D0035F233 /* ViewController.m in Sources */,
				847A1CEF1ED35C3D0035F233 /* AppDelegate.m in Sources */,
				847A1CEC1ED35C3D0035F233 /* main.m in Sources */,
			);
			runOnlyForDeploymentPostprocessing = 0;
		};
		847A1CFC1ED35C3D0035F233 /* Sources */ = {
			isa = PBXSourcesBuildPhase;
			buildActionMask = 2147483647;
			files = (
				847A1D051ED35C3D0035F233 /* AppleServicesTests.m in Sources */,
			);
			runOnlyForDeploymentPostprocessing = 0;
		};
		847A1D071ED35C3D0035F233 /* Sources */ = {
			isa = PBXSourcesBuildPhase;
			buildActionMask = 2147483647;
			files = (
				847A1D101ED35C3D0035F233 /* AppleServicesUITests.m in Sources */,
			);
			runOnlyForDeploymentPostprocessing = 0;
		};
/* End PBXSourcesBuildPhase section */

/* Begin PBXTargetDependency section */
		847A1D021ED35C3D0035F233 /* PBXTargetDependency */ = {
			isa = PBXTargetDependency;
			target = 847A1CE61ED35C3D0035F233 /* AppleServices */;
			targetProxy = 847A1D011ED35C3D0035F233 /* PBXContainerItemProxy */;
		};
		847A1D0D1ED35C3D0035F233 /* PBXTargetDependency */ = {
			isa = PBXTargetDependency;
			target = 847A1CE61ED35C3D0035F233 /* AppleServices */;
			targetProxy = 847A1D0C1ED35C3D0035F233 /* PBXContainerItemProxy */;
		};
/* End PBXTargetDependency section */

/* Begin PBXVariantGroup section */
		847A1CF31ED35C3D0035F233 /* Main.storyboard */ = {
			isa = PBXVariantGroup;
			children = (
				847A1CF41ED35C3D0035F233 /* Base */,
			);
			name = Main.storyboard;
			sourceTree = "<group>";
		};
		847A1CF81ED35C3D0035F233 /* LaunchScreen.storyboard */ = {
			isa = PBXVariantGroup;
			children = (
				847A1CF91ED35C3D0035F233 /* Base */,
			);
			name = LaunchScreen.storyboard;
			sourceTree = "<group>";
		};
/* End PBXVariantGroup section */

/* Begin XCBuildConfiguration section */
		847A1D121ED35C3D0035F233 /* Debug */ = {
			isa = XCBuildConfiguration;
			buildSettings = {
				ALWAYS_SEARCH_USER_PATHS = NO;
				CLANG_ANALYZER_NONNULL = YES;
				CLANG_ANALYZER_NUMBER_OBJECT_CONVERSION = YES_AGGRESSIVE;
				CLANG_CXX_LANGUAGE_STANDARD = "gnu++0x";
				CLANG_CXX_LIBRARY = "libc++";
				CLANG_ENABLE_MODULES = YES;
				CLANG_ENABLE_OBJC_ARC = YES;
				CLANG_WARN_BOOL_CONVERSION = YES;
				CLANG_WARN_CONSTANT_CONVERSION = YES;
				CLANG_WARN_DIRECT_OBJC_ISA_USAGE = YES_ERROR;
				CLANG_WARN_DOCUMENTATION_COMMENTS = YES;
				CLANG_WARN_EMPTY_BODY = YES;
				CLANG_WARN_ENUM_CONVERSION = YES;
				CLANG_WARN_INFINITE_RECURSION = YES;
				CLANG_WARN_INT_CONVERSION = YES;
				CLANG_WARN_OBJC_ROOT_CLASS = YES_ERROR;
				CLANG_WARN_SUSPICIOUS_MOVE = YES;
				CLANG_WARN_UNREACHABLE_CODE = YES;
				CLANG_WARN__DUPLICATE_METHOD_MATCH = YES;
				"CODE_SIGN_IDENTITY[sdk=iphoneos*]" = "iPhone Developer";
				COPY_PHASE_STRIP = NO;
				DEBUG_INFORMATION_FORMAT = dwarf;
				ENABLE_STRICT_OBJC_MSGSEND = YES;
				ENABLE_TESTABILITY = YES;
				GCC_C_LANGUAGE_STANDARD = gnu99;
				GCC_DYNAMIC_NO_PIC = NO;
				GCC_NO_COMMON_BLOCKS = YES;
				GCC_OPTIMIZATION_LEVEL = 0;
				GCC_PREPROCESSOR_DEFINITIONS = (
					"DEBUG=1",
					"$(inherited)",
				);
				GCC_WARN_64_TO_32_BIT_CONVERSION = YES;
				GCC_WARN_ABOUT_RETURN_TYPE = YES_ERROR;
				GCC_WARN_UNDECLARED_SELECTOR = YES;
				GCC_WARN_UNINITIALIZED_AUTOS = YES_AGGRESSIVE;
				GCC_WARN_UNUSED_FUNCTION = YES;
				GCC_WARN_UNUSED_VARIABLE = YES;
				IPHONEOS_DEPLOYMENT_TARGET = 10.3;
				MTL_ENABLE_DEBUG_INFO = YES;
				ONLY_ACTIVE_ARCH = YES;
				SDKROOT = iphoneos;
			};
			name = Debug;
		};
		847A1D131ED35C3D0035F233 /* Release */ = {
			isa = XCBuildConfiguration;
			buildSettings = {
				ALWAYS_SEARCH_USER_PATHS = NO;
				CLANG_ANALYZER_NONNULL = YES;
				CLANG_ANALYZER_NUMBER_OBJECT_CONVERSION = YES_AGGRESSIVE;
				CLANG_CXX_LANGUAGE_STANDARD = "gnu++0x";
				CLANG_CXX_LIBRARY = "libc++";
				CLANG_ENABLE_MODULES = YES;
				CLANG_ENABLE_OBJC_ARC = YES;
				CLANG_WARN_BOOL_CONVERSION = YES;
				CLANG_WARN_CONSTANT_CONVERSION = YES;
				CLANG_WARN_DIRECT_OBJC_ISA_USAGE = YES_ERROR;
				CLANG_WARN_DOCUMENTATION_COMMENTS = YES;
				CLANG_WARN_EMPTY_BODY = YES;
				CLANG_WARN_ENUM_CONVERSION = YES;
				CLANG_WARN_INFINITE_RECURSION = YES;
				CLANG_WARN_INT_CONVERSION = YES;
				CLANG_WARN_OBJC_ROOT_CLASS = YES_ERROR;
				CLANG_WARN_SUSPICIOUS_MOVE = YES;
				CLANG_WARN_UNREACHABLE_CODE = YES;
				CLANG_WARN__DUPLICATE_METHOD_MATCH = YES;
				"CODE_SIGN_IDENTITY[sdk=iphoneos*]" = "iPhone Developer";
				COPY_PHASE_STRIP = NO;
				DEBUG_INFORMATION_FORMAT = "dwarf-with-dsym";
				ENABLE_NS_ASSERTIONS = NO;
				ENABLE_STRICT_OBJC_MSGSEND = YES;
				GCC_C_LANGUAGE_STANDARD = gnu99;
				GCC_NO_COMMON_BLOCKS = YES;
				GCC_WARN_64_TO_32_BIT_CONVERSION = YES;
				GCC_WARN_ABOUT_RETURN_TYPE = YES_ERROR;
				GCC_WARN_UNDECLARED_SELECTOR = YES;
				GCC_WARN_UNINITIALIZED_AUTOS = YES_AGGRESSIVE;
				GCC_WARN_UNUSED_FUNCTION = YES;
				GCC_WARN_UNUSED_VARIABLE = YES;
				IPHONEOS_DEPLOYMENT_TARGET = 10.3;
				MTL_ENABLE_DEBUG_INFO = NO;
				SDKROOT = iphoneos;
				VALIDATE_PRODUCT = YES;
			};
			name = Release;
		};
		847A1D151ED35C3D0035F233 /* Debug */ = {
			isa = XCBuildConfiguration;
			buildSettings = {
				ASSETCATALOG_COMPILER_APPICON_NAME = AppIcon;
				DEVELOPMENT_TEAM = AV23R78L97;
				INFOPLIST_FILE = AppleServices/Info.plist;
				LD_RUNPATH_SEARCH_PATHS = "$(inherited) @executable_path/Frameworks";
				PRODUCT_BUNDLE_IDENTIFIER = karyi.AppleServices;
				PRODUCT_NAME = "$(TARGET_NAME)";
			};
			name = Debug;
		};
		847A1D161ED35C3D0035F233 /* Release */ = {
			isa = XCBuildConfiguration;
			buildSettings = {
				ASSETCATALOG_COMPILER_APPICON_NAME = AppIcon;
				DEVELOPMENT_TEAM = AV23R78L97;
				INFOPLIST_FILE = AppleServices/Info.plist;
				LD_RUNPATH_SEARCH_PATHS = "$(inherited) @executable_path/Frameworks";
				PRODUCT_BUNDLE_IDENTIFIER = karyi.AppleServices;
				PRODUCT_NAME = "$(TARGET_NAME)";
			};
			name = Release;
		};
		847A1D181ED35C3D0035F233 /* Debug */ = {
			isa = XCBuildConfiguration;
			buildSettings = {
				BUNDLE_LOADER = "$(TEST_HOST)";
				DEVELOPMENT_TEAM = AV23R78L97;
				INFOPLIST_FILE = AppleServicesTests/Info.plist;
				LD_RUNPATH_SEARCH_PATHS = "$(inherited) @executable_path/Frameworks @loader_path/Frameworks";
				PRODUCT_BUNDLE_IDENTIFIER = karyi.AppleServicesTests;
				PRODUCT_NAME = "$(TARGET_NAME)";
				TEST_HOST = "$(BUILT_PRODUCTS_DIR)/AppleServices.app/AppleServices";
			};
			name = Debug;
		};
		847A1D191ED35C3D0035F233 /* Release */ = {
			isa = XCBuildConfiguration;
			buildSettings = {
				BUNDLE_LOADER = "$(TEST_HOST)";
				DEVELOPMENT_TEAM = AV23R78L97;
				INFOPLIST_FILE = AppleServicesTests/Info.plist;
				LD_RUNPATH_SEARCH_PATHS = "$(inherited) @executable_path/Frameworks @loader_path/Frameworks";
				PRODUCT_BUNDLE_IDENTIFIER = karyi.AppleServicesTests;
				PRODUCT_NAME = "$(TARGET_NAME)";
				TEST_HOST = "$(BUILT_PRODUCTS_DIR)/AppleServices.app/AppleServices";
			};
			name = Release;
		};
		847A1D1B1ED35C3D0035F233 /* Debug */ = {
			isa = XCBuildConfiguration;
			buildSettings = {
				DEVELOPMENT_TEAM = AV23R78L97;
				INFOPLIST_FILE = AppleServicesUITests/Info.plist;
				LD_RUNPATH_SEARCH_PATHS = "$(inherited) @executable_path/Frameworks @loader_path/Frameworks";
				PRODUCT_BUNDLE_IDENTIFIER = karyi.AppleServicesUITests;
				PRODUCT_NAME = "$(TARGET_NAME)";
				TEST_TARGET_NAME = AppleServices;
			};
			name = Debug;
		};
		847A1D1C1ED35C3D0035F233 /* Release */ = {
			isa = XCBuildConfiguration;
			buildSettings = {
				DEVELOPMENT_TEAM = AV23R78L97;
				INFOPLIST_FILE = AppleServicesUITests/Info.plist;
				LD_RUNPATH_SEARCH_PATHS = "$(inherited) @executable_path/Frameworks @loader_path/Frameworks";
				PRODUCT_BUNDLE_IDENTIFIER = karyi.AppleServicesUITests;
				PRODUCT_NAME = "$(TARGET_NAME)";
				TEST_TARGET_NAME = AppleServices;
			};
			name = Release;
		};
/* End XCBuildConfiguration section */

/* Begin XCConfigurationList section */
		847A1CE21ED35C3D0035F233 /* Build configuration list for PBXProject "AppleServices" */ = {
			isa = XCConfigurationList;
			buildConfigurations = (
				847A1D121ED35C3D0035F233 /* Debug */,
				847A1D131ED35C3D0035F233 /* Release */,
			);
			defaultConfigurationIsVisible = 0;
			defaultConfigurationName = Release;
		};
		847A1D141ED35C3D0035F233 /* Build configuration list for PBXNativeTarget "AppleServices" */ = {
			isa = XCConfigurationList;
			buildConfigurations = (
				847A1D151ED35C3D0035F233 /* Debug */,
				847A1D161ED35C3D0035F233 /* Release */,
			);
			defaultConfigurationIsVisible = 0;
		};
		847A1D171ED35C3D0035F233 /* Build configuration list for PBXNativeTarget "AppleServicesTests" */ = {
			isa = XCConfigurationList;
			buildConfigurations = (
				847A1D181ED35C3D0035F233 /* Debug */,
				847A1D191ED35C3D0035F233 /* Release */,
			);
			defaultConfigurationIsVisible = 0;
		};
		847A1D1A1ED35C3D0035F233 /* Build configuration list for PBXNativeTarget "AppleServicesUITests" */ = {
			isa = XCConfigurationList;
			buildConfigurations = (
				847A1D1B1ED35C3D0035F233 /* Debug */,
				847A1D1C1ED35C3D0035F233 /* Release */,
			);
			defaultConfigurationIsVisible = 0;
		};
/* End XCConfigurationList section */
	};
	rootObject = 847A1CDF1ED35C3D0035F233 /* Project object */;
}
